
Microsoft Visual Studio Solution File, Format Version 12.00
# Visual Studio Version 17
VisualStudioVersion = 17.6.33815.320
MinimumVisualStudioVersion = 10.0.40219.1
Project("{FAE04EC0-301F-11D3-BF4B-00C04F79EFBC}") = "abstrak", "abstrak.csproj", "{854C0543-146B-46DA-B001-52300CFC45FB}"
EndProject
Global
	GlobalSection(SolutionConfigurationPlatforms) = preSolution
		Debug|Any CPU = Debug|Any CPU
		Release|Any CPU = Release|Any CPU
	EndGlobalSection
	GlobalSection(ProjectConfigurationPlatforms) = postSolution
		{854C0543-146B-46DA-B001-52300CFC45FB}.Debug|Any CPU.ActiveCfg = Debug|Any CPU
		{854C0543-146B-46DA-B001-52300CFC45FB}.Debug|Any CPU.Build.0 = Debug|Any CPU
		{854C0543-146B-46DA-B001-52300CFC45FB}.Release|Any CPU.ActiveCfg = Release|Any CPU
		{854C0543-146B-46DA-B001-52300CFC45FB}.Release|Any CPU.Build.0 = Release|Any CPU
	EndGlobalSection
	GlobalSection(SolutionProperties) = preSolution
		HideSolutionNode = FALSE
	EndGlobalSection
	GlobalSection(ExtensibilityGlobals) = postSolution
		SolutionGuid = {73F57386-994D-4842-A165-6C73A41E04B8}
	EndGlobalSection
EndGlobal
